
Microsoft Visual Studio Solution File, Format Version 12.00
# Visual Studio Version 17
VisualStudioVersion = 17.7.34024.191
MinimumVisualStudioVersion = 10.0.40219.1
Project("{9A19103F-16F7-4668-BE54-9A1E7A4F7556}") = "atmMachine", "atmMachine.csproj", "{7B763917-6628-4DFC-9835-6B641B334251}"
EndProject
Project("{FAE04EC0-301F-11D3-BF4B-00C04F79EFBC}") = "ATMTest", "..\ATMTest\ATMTest.csproj", "{3F7185D0-BB77-475D-838A-CAB080066160}"
EndProject
Global
	GlobalSection(SolutionConfigurationPlatforms) = preSolution
		Debug|Any CPU = Debug|Any CPU
		Release|Any CPU = Release|Any CPU
	EndGlobalSection
	GlobalSection(ProjectConfigurationPlatforms) = postSolution
		{7B763917-6628-4DFC-9835-6B641B334251}.Debug|Any CPU.ActiveCfg = Debug|Any CPU
		{7B763917-6628-4DFC-9835-6B641B334251}.Debug|Any CPU.Build.0 = Debug|Any CPU
		{7B763917-6628-4DFC-9835-6B641B334251}.Release|Any CPU.ActiveCfg = Release|Any CPU
		{7B763917-6628-4DFC-9835-6B641B334251}.Release|Any CPU.Build.0 = Release|Any CPU
		{3F7185D0-BB77-475D-838A-CAB080066160}.Debug|Any CPU.ActiveCfg = Debug|Any CPU
		{3F7185D0-BB77-475D-838A-CAB080066160}.Debug|Any CPU.Build.0 = Debug|Any CPU
		{3F7185D0-BB77-475D-838A-CAB080066160}.Release|Any CPU.ActiveCfg = Release|Any CPU
		{3F7185D0-BB77-475D-838A-CAB080066160}.Release|Any CPU.Build.0 = Release|Any CPU
	EndGlobalSection
	GlobalSection(SolutionProperties) = preSolution
		HideSolutionNode = FALSE
	EndGlobalSection
	GlobalSection(ExtensibilityGlobals) = postSolution
		SolutionGuid = {28D71488-95D8-4D45-9AE9-4A76511ACE6F}
	EndGlobalSection
EndGlobal
